
Microsoft Visual Studio Solution File, Format Version 12.00
# Visual Studio 15
VisualStudioVersion = 15.0.28010.2026
MinimumVisualStudioVersion = 10.0.40219.1
Project("{FAE04EC0-301F-11D3-BF4B-00C04F79EFBC}") = "CustomList", "CustomList\CustomList.csproj", "{D4EADE53-E883-4279-946A-B0BF13A3B92B}"
EndProject
Project("{FAE04EC0-301F-11D3-BF4B-00C04F79EFBC}") = "CustomListTest", "CustomListTest\CustomListTest.csproj", "{D9435237-E9A6-4EA5-B15F-340EC44F380D}"
EndProject
Global
	GlobalSection(SolutionConfigurationPlatforms) = preSolution
		Debug|Any CPU = Debug|Any CPU
		Release|Any CPU = Release|Any CPU
	EndGlobalSection
	GlobalSection(ProjectConfigurationPlatforms) = postSolution
		{D4EADE53-E883-4279-946A-B0BF13A3B92B}.Debug|Any CPU.ActiveCfg = Debug|Any CPU
		{D4EADE53-E883-4279-946A-B0BF13A3B92B}.Debug|Any CPU.Build.0 = Debug|Any CPU
		{D4EADE53-E883-4279-946A-B0BF13A3B92B}.Release|Any CPU.ActiveCfg = Release|Any CPU
		{D4EADE53-E883-4279-946A-B0BF13A3B92B}.Release|Any CPU.Build.0 = Release|Any CPU
		{D9435237-E9A6-4EA5-B15F-340EC44F380D}.Debug|Any CPU.ActiveCfg = Debug|Any CPU
		{D9435237-E9A6-4EA5-B15F-340EC44F380D}.Debug|Any CPU.Build.0 = Debug|Any CPU
		{D9435237-E9A6-4EA5-B15F-340EC44F380D}.Release|Any CPU.ActiveCfg = Release|Any CPU
		{D9435237-E9A6-4EA5-B15F-340EC44F380D}.Release|Any CPU.Build.0 = Release|Any CPU
	EndGlobalSection
	GlobalSection(SolutionProperties) = preSolution
		HideSolutionNode = FALSE
	EndGlobalSection
	GlobalSection(ExtensibilityGlobals) = postSolution
		SolutionGuid = {90980FBA-BBF0-416F-938B-076C617ED24B}
	EndGlobalSection
EndGlobal
